
Microsoft Visual Studio Solution File, Format Version 12.00
# Visual Studio Version 17
VisualStudioVersion = 17.3.32825.248
MinimumVisualStudioVersion = 10.0.40219.1
Project("{FAE04EC0-301F-11D3-BF4B-00C04F79EFBC}") = "GenshinAutoPlay", "GenshinAutoPlay\GenshinAutoPlay.csproj", "{85E279C0-18A4-40B0-9A40-5FA072A7C92E}"
EndProject
Global
	GlobalSection(SolutionConfigurationPlatforms) = preSolution
		Debug|Any CPU = Debug|Any CPU
		Release|Any CPU = Release|Any CPU
	EndGlobalSection
	GlobalSection(ProjectConfigurationPlatforms) = postSolution
		{85E279C0-18A4-40B0-9A40-5FA072A7C92E}.Debug|Any CPU.ActiveCfg = Debug|Any CPU
		{85E279C0-18A4-40B0-9A40-5FA072A7C92E}.Debug|Any CPU.Build.0 = Debug|Any CPU
		{85E279C0-18A4-40B0-9A40-5FA072A7C92E}.Release|Any CPU.ActiveCfg = Release|Any CPU
		{85E279C0-18A4-40B0-9A40-5FA072A7C92E}.Release|Any CPU.Build.0 = Release|Any CPU
	EndGlobalSection
	GlobalSection(SolutionProperties) = preSolution
		HideSolutionNode = FALSE
	EndGlobalSection
	GlobalSection(ExtensibilityGlobals) = postSolution
		SolutionGuid = {9F56E3ED-578D-4318-8E2C-3E439801AAD3}
	EndGlobalSection
EndGlobal
